
Microsoft Visual Studio Solution File, Format Version 12.00
# Visual Studio Version 16
VisualStudioVersion = 16.0.30717.126
MinimumVisualStudioVersion = 10.0.40219.1
Project("{FAE04EC0-301F-11D3-BF4B-00C04F79EFBC}") = "DanielleBaer-Recuperacao", "DanielleBaer-Recuperacao.csproj", "{450626FC-2621-41A6-AC58-08BCC2E558C9}"
EndProject
Global
	GlobalSection(SolutionConfigurationPlatforms) = preSolution
		Debug|Any CPU = Debug|Any CPU
		Release|Any CPU = Release|Any CPU
	EndGlobalSection
	GlobalSection(ProjectConfigurationPlatforms) = postSolution
		{450626FC-2621-41A6-AC58-08BCC2E558C9}.Debug|Any CPU.ActiveCfg = Debug|Any CPU
		{450626FC-2621-41A6-AC58-08BCC2E558C9}.Debug|Any CPU.Build.0 = Debug|Any CPU
		{450626FC-2621-41A6-AC58-08BCC2E558C9}.Release|Any CPU.ActiveCfg = Release|Any CPU
		{450626FC-2621-41A6-AC58-08BCC2E558C9}.Release|Any CPU.Build.0 = Release|Any CPU
	EndGlobalSection
	GlobalSection(SolutionProperties) = preSolution
		HideSolutionNode = FALSE
	EndGlobalSection
	GlobalSection(ExtensibilityGlobals) = postSolution
		SolutionGuid = {E90BA027-B33A-4D47-8B2F-8863C767D12A}
	EndGlobalSection
EndGlobal
